
Microsoft Visual Studio Solution File, Format Version 12.00
# Visual Studio Version 17
VisualStudioVersion = 17.0.32126.317
MinimumVisualStudioVersion = 10.0.40219.1
Project("{FAE04EC0-301F-11D3-BF4B-00C04F79EFBC}") = "CopyGroupPlugin", "CopyGroupPlugin\CopyGroupPlugin.csproj", "{90A938D4-C440-478D-8059-D15177538BB5}"
EndProject
Global
	GlobalSection(SolutionConfigurationPlatforms) = preSolution
		Debug|Any CPU = Debug|Any CPU
		Release|Any CPU = Release|Any CPU
	EndGlobalSection
	GlobalSection(ProjectConfigurationPlatforms) = postSolution
		{90A938D4-C440-478D-8059-D15177538BB5}.Debug|Any CPU.ActiveCfg = Debug|Any CPU
		{90A938D4-C440-478D-8059-D15177538BB5}.Debug|Any CPU.Build.0 = Debug|Any CPU
		{90A938D4-C440-478D-8059-D15177538BB5}.Release|Any CPU.ActiveCfg = Release|Any CPU
		{90A938D4-C440-478D-8059-D15177538BB5}.Release|Any CPU.Build.0 = Release|Any CPU
	EndGlobalSection
	GlobalSection(SolutionProperties) = preSolution
		HideSolutionNode = FALSE
	EndGlobalSection
	GlobalSection(ExtensibilityGlobals) = postSolution
		SolutionGuid = {1143AFC9-868A-4FB0-9469-3458A230323E}
	EndGlobalSection
EndGlobal
